 alias: 'Kitche Grandfather Clock'
 initial_state: true
 trigger:
   platform: time
   minutes: 00
   seconds: 00
 condition:
   condition: time
   after: '05:30:00'
   before: '23:30:00'
 action:
   service: media_player.play_media
   data_template:
     entity_id: media_player.kitchen
     media_content_id: '/mnt/shell/emulated/0/GFChime/GrandFatherChime{{ now().strftime("%I") }}.wav'
     media_content_type: 'music'